PODS:
  - ActionSheetPicker-3.0 (2.2.0)
  - Alamofire (4.5.0)
  - SDWebImage (4.0.0):
    - SDWebImage/Core (= 4.0.0)
  - SDWebImage/Core (4.0.0)
  - SVProgressHUD (2.1.2)
  - SwiftyJSON (3.1.4)
  - SwiftyPlistManager (1.0.1)

DEPENDENCIES:
  - ActionSheetPicker-3.0
  - Alamofire
  - SDWebImage
  - SVProgressHUD
  - SwiftyJSON
  - SwiftyPlistManager

SPEC CHECKSUMS:
  ActionSheetPicker-3.0: d11a4c12c6aaf704b8a3f56d179198c99f3e41e6
  Alamofire: f28cdffd29de33a7bfa022cbd63ae95a27fae140
  SDWebImage: 76a6348bdc74eb5a55dd08a091ef298e56b55e41
  SVProgressHUD: c404a55d78acbeb7ebb78b76d3faf986475a6994
  SwiftyJSON: c2842d878f95482ffceec5709abc3d05680c0220
  SwiftyPlistManager: 1f4b9e82fd8048fddc16ce56bb574bcfccb21561

PODFILE CHECKSUM: d1cdc2268531f2b3b98be18efab7290f7df03211

COCOAPODS: 1.2.0
