PODS:
  - ActionSheetPicker-3.0 (2.2.0)
  - Alamofire (4.5.1)
  - Firebase/AdMob (4.1.1):
    - Firebase/Core
    - Google-Mobile-Ads-SDK (= 7.23.0)
  - Firebase/Core (4.1.1):
    - FirebaseAnalytics (= 4.0.3)
    - FirebaseCore (= 4.0.6)
  - Firebase/Database (4.1.1):
    - Firebase/Core
    - FirebaseDatabase (= 4.0.2)
  - FirebaseAnalytics (4.0.3):
    - FirebaseCore (~> 4.0)
    - FirebaseInstanceID (~> 2.0)
    - GoogleToolboxForMac/NSData+zlib (~> 2.1)
    - nanopb (~> 0.3)
  - FirebaseCore (4.0.6):
    - GoogleToolboxForMac/NSData+zlib (~> 2.1)
    - nanopb (~> 0.3)
  - FirebaseDatabase (4.0.2):
    - FirebaseAnalytics (~> 4.0)
    - FirebaseCore (~> 4.0)
    - leveldb-library (~> 1.18)
  - FirebaseInstanceID (2.0.2):
    - FirebaseCore (~> 4.0)
  - Google-Mobile-Ads-SDK (7.23.0)
  - GoogleToolboxForMac/Defines (2.1.1)
  - GoogleToolboxForMac/NSData+zlib (2.1.1):
    - GoogleToolboxForMac/Defines (= 2.1.1)
  - leveldb-library (1.18.3)
  - nanopb (0.3.8):
    - nanopb/decode (= 0.3.8)
    - nanopb/encode (= 0.3.8)
  - nanopb/decode (0.3.8)
  - nanopb/encode (0.3.8)
  - SDWebImage (4.1.0):
    - SDWebImage/Core (= 4.1.0)
  - SDWebImage/Core (4.1.0)
  - SVProgressHUD (2.2.1)
  - SwiftyJSON (3.1.4)
  - SwiftyPlistManager (1.0.1)

DEPENDENCIES:
  - ActionSheetPicker-3.0
  - Alamofire
  - Firebase/AdMob
  - Firebase/Core
  - Firebase/Database
  - SDWebImage
  - SVProgressHUD
  - SwiftyJSON
  - SwiftyPlistManager

SPEC CHECKSUMS:
  ActionSheetPicker-3.0: d11a4c12c6aaf704b8a3f56d179198c99f3e41e6
  Alamofire: 2d95912bf4c34f164fdfc335872e8c312acaea4a
  Firebase: 052c0de688fc87b414996eea13e223dd9fee3fa2
  FirebaseAnalytics: 76f754d37ca5b04f36856729b6af3ca0152d1069
  FirebaseCore: 28def3c643989c97ea5a69ea5000f5fa9902b9fd
  FirebaseDatabase: 4d1a10639a42cae26e094296951b53c689e5e191
  FirebaseInstanceID: c4c7fca62c7b7330caee5da04f19a37ea37bb1c1
  Google-Mobile-Ads-SDK: a43dc8efdb566c74d00ac6934c781de969348d80
  GoogleToolboxForMac: 8e329f1b599f2512c6b10676d45736bcc2cbbeb0
  leveldb-library: 10fb39c39e243db4af1828441162405bbcec1404
  nanopb: 5601e6bca2dbf1ed831b519092ec110f66982ca3
  SDWebImage: 0e435c14e402a6730315a0fb79f95e68654d55a4
  SVProgressHUD: db27c54e6e18bc903341661fc9feb55e04905cc4
  SwiftyJSON: c2842d878f95482ffceec5709abc3d05680c0220
  SwiftyPlistManager: 1f4b9e82fd8048fddc16ce56bb574bcfccb21561

PODFILE CHECKSUM: 9593ef402c0f937da99d2fae7bbfad17a131b27b

COCOAPODS: 1.2.0
