// !$*UTF8*$!
{
	archiveVersion = 1;
	classes = {
	};
	objectVersion = 46;
	objects = {

/* Begin PBXBuildFile section */
		17E3A7E34EFF375E6CE4213B /* Pods_LOL4YOUUITests.framework in Frameworks */ = {isa = PBXBuildFile; fileRef = 3B8BB042ACBB5423013FEC3B /* Pods_LOL4YOUUITests.framework */; };
		4289DC60B5B9382572992C34 /* Pods_LOL4YOU.framework in Frameworks */ = {isa = PBXBuildFile; fileRef = 9EFD371BBE2A7AC48949FCB3 /* Pods_LOL4YOU.framework */; };
		4C0FD50F2E61BC48463FCE49 /* Pods_LOL4YOUTests.framework in Frameworks */ = {isa = PBXBuildFile; fileRef = 62BEFD983671AB73E196863F /* Pods_LOL4YOUTests.framework */; };
		A0027FF61E9D91BD003175A7 /* AppDelegate.swift in Sources */ = {isa = PBXBuildFile; fileRef = A0027FF51E9D91BD003175A7 /* AppDelegate.swift */; };
		A0027FFB1E9D91BD003175A7 /* Main.storyboard in Resources */ = {isa = PBXBuildFile; fileRef = A0027FF91E9D91BD003175A7 /* Main.storyboard */; };
		A0027FFD1E9D91BD003175A7 /* Assets.xcassets in Resources */ = {isa = PBXBuildFile; fileRef = A0027FFC1E9D91BD003175A7 /* Assets.xcassets */; };
		A00280001E9D91BD003175A7 /* LaunchScreen.storyboard in Resources */ = {isa = PBXBuildFile; fileRef = A0027FFE1E9D91BD003175A7 /* LaunchScreen.storyboard */; };
		A002800B1E9D91BE003175A7 /* LOL4YOUTests.swift in Sources */ = {isa = PBXBuildFile; fileRef = A002800A1E9D91BE003175A7 /* LOL4YOUTests.swift */; };
		A00280161E9D91BE003175A7 /* LOL4YOUUITests.swift in Sources */ = {isa = PBXBuildFile; fileRef = A00280151E9D91BE003175A7 /* LOL4YOUUITests.swift */; };
		A00280241E9D981B003175A7 /* rootclass.swift in Sources */ = {isa = PBXBuildFile; fileRef = A00280231E9D981B003175A7 /* rootclass.swift */; };
		A00280291E9DAE08003175A7 /* statsTVC.swift in Sources */ = {isa = PBXBuildFile; fileRef = A00280281E9DAE08003175A7 /* statsTVC.swift */; };
		A002802B1E9DAE27003175A7 /* statsTVCC.swift in Sources */ = {isa = PBXBuildFile; fileRef = A002802A1E9DAE27003175A7 /* statsTVCC.swift */; };
		A01218361EBA641700B45F0F /* root.plist in Resources */ = {isa = PBXBuildFile; fileRef = A01218351EBA641700B45F0F /* root.plist */; };
		A01578551EB8F1B100A30C41 /* masterysTVC.swift in Sources */ = {isa = PBXBuildFile; fileRef = A01578541EB8F1B100A30C41 /* masterysTVC.swift */; };
		A01578571EB8F1C400A30C41 /* masterysdetTVC.swift in Sources */ = {isa = PBXBuildFile; fileRef = A01578561EB8F1C400A30C41 /* masterysdetTVC.swift */; };
		A01757771F0D8C2000ED9278 /* rootadmob.swift in Sources */ = {isa = PBXBuildFile; fileRef = A01757761F0D8C2000ED9278 /* rootadmob.swift */; };
		A017A8741EA5456700C325F7 /* perfilCVC.swift in Sources */ = {isa = PBXBuildFile; fileRef = A017A8731EA5456700C325F7 /* perfilCVC.swift */; };
		A017A8761EA546B600C325F7 /* perfilVC.swift in Sources */ = {isa = PBXBuildFile; fileRef = A017A8751EA546B600C325F7 /* perfilVC.swift */; };
		A01BB8F31F7857D400E1A52D /* dateextensions.swift in Sources */ = {isa = PBXBuildFile; fileRef = A01BB8F21F7857D400E1A52D /* dateextensions.swift */; };
		A04A6CCC1EB100E8001D9770 /* perfilstatsTVC.swift in Sources */ = {isa = PBXBuildFile; fileRef = A04A6CCB1EB100E8001D9770 /* perfilstatsTVC.swift */; };
		A056E7711EAE2B92007FDB9F /* matchesdetplayersTVCC.swift in Sources */ = {isa = PBXBuildFile; fileRef = A056E76F1EAE2B92007FDB9F /* matchesdetplayersTVCC.swift */; };
		A056E7721EAE2B92007FDB9F /* matchesdetplayersTVCC.xib in Resources */ = {isa = PBXBuildFile; fileRef = A056E7701EAE2B92007FDB9F /* matchesdetplayersTVCC.xib */; };
		A056E7741EAE3901007FDB9F /* matchesdetTVC.swift in Sources */ = {isa = PBXBuildFile; fileRef = A056E7731EAE3901007FDB9F /* matchesdetTVC.swift */; };
		A056E7821EAE94DD007FDB9F /* matchesdetbansTVCC.swift in Sources */ = {isa = PBXBuildFile; fileRef = A056E7801EAE94DD007FDB9F /* matchesdetbansTVCC.swift */; };
		A056E7831EAE94DD007FDB9F /* matchesdetbansTVCC.xib in Resources */ = {isa = PBXBuildFile; fileRef = A056E7811EAE94DD007FDB9F /* matchesdetbansTVCC.xib */; };
		A06CD86D1E9E5FC000D4362E /* statsdetTVC.swift in Sources */ = {isa = PBXBuildFile; fileRef = A06CD86C1E9E5FC000D4362E /* statsdetTVC.swift */; };
		A08B8C1F1F8E65AB0063D155 /* specdetTVC.swift in Sources */ = {isa = PBXBuildFile; fileRef = A08B8C1E1F8E65AB0063D155 /* specdetTVC.swift */; };
		A093D1791F6EC83400DCC466 /* champmasteryVC.swift in Sources */ = {isa = PBXBuildFile; fileRef = A093D1781F6EC83400DCC466 /* champmasteryVC.swift */; };
		A093D17B1F6EC85900DCC466 /* championmasteryCVC.swift in Sources */ = {isa = PBXBuildFile; fileRef = A093D17A1F6EC85900DCC466 /* championmasteryCVC.swift */; };
		A09D99F01EA3D0360054E988 /* searchsummonerTVC.swift in Sources */ = {isa = PBXBuildFile; fileRef = A09D99EF1EA3D0360054E988 /* searchsummonerTVC.swift */; };
		A0A4994F1EB2155300977541 /* infoTVCC.swift in Sources */ = {isa = PBXBuildFile; fileRef = A0A4994D1EB2155300977541 /* infoTVCC.swift */; };
		A0A499501EB2155300977541 /* infoTVCC.xib in Resources */ = {isa = PBXBuildFile; fileRef = A0A4994E1EB2155300977541 /* infoTVCC.xib */; };
		A0A499531EB21B0A00977541 /* matchesstatsdetTVC.swift in Sources */ = {isa = PBXBuildFile; fileRef = A0A499521EB21B0A00977541 /* matchesstatsdetTVC.swift */; };
		A0A499551EB21BEA00977541 /* headerTVH.swift in Sources */ = {isa = PBXBuildFile; fileRef = A0A499541EB21BEA00977541 /* headerTVH.swift */; };
		A0A499571EB21C1400977541 /* headerTVH.xib in Resources */ = {isa = PBXBuildFile; fileRef = A0A499561EB21C1400977541 /* headerTVH.xib */; };
		A0A4995A1EB2313700977541 /* imageTVCC.swift in Sources */ = {isa = PBXBuildFile; fileRef = A0A499581EB2313700977541 /* imageTVCC.swift */; };
		A0A4995B1EB2313700977541 /* imageTVCC.xib in Resources */ = {isa = PBXBuildFile; fileRef = A0A499591EB2313700977541 /* imageTVCC.xib */; };
		A0A4995E1EB2877900977541 /* runesTVCC.swift in Sources */ = {isa = PBXBuildFile; fileRef = A0A4995C1EB2877900977541 /* runesTVCC.swift */; };
		A0A4995F1EB2877900977541 /* runesTVCC.xib in Resources */ = {isa = PBXBuildFile; fileRef = A0A4995D1EB2877900977541 /* runesTVCC.xib */; };
		A0A499621EB28FBD00977541 /* masteryTVCC.swift in Sources */ = {isa = PBXBuildFile; fileRef = A0A499601EB28FBD00977541 /* masteryTVCC.swift */; };
		A0A499631EB28FBD00977541 /* masteryTVCC.xib in Resources */ = {isa = PBXBuildFile; fileRef = A0A499611EB28FBD00977541 /* masteryTVCC.xib */; };
		A0AB1F311F0B15290099CB9E /* iAd.framework in Frameworks */ = {isa = PBXBuildFile; fileRef = A0AB1F301F0B15290099CB9E /* iAd.framework */; };
		A0B5F3E81FC97CB7002BA187 /* championstableTVCC.swift in Sources */ = {isa = PBXBuildFile; fileRef = A0B5F3E61FC97CB7002BA187 /* championstableTVCC.swift */; };
		A0B5F3E91FC97CB7002BA187 /* championstableTVCC.xib in Resources */ = {isa = PBXBuildFile; fileRef = A0B5F3E71FC97CB7002BA187 /* championstableTVCC.xib */; };
		A0B5F3EC1FC9887C002BA187 /* championsimgTVCC.swift in Sources */ = {isa = PBXBuildFile; fileRef = A0B5F3EA1FC9887C002BA187 /* championsimgTVCC.swift */; };
		A0B5F3ED1FC9887C002BA187 /* championsimgTVCC.xib in Resources */ = {isa = PBXBuildFile; fileRef = A0B5F3EB1FC9887C002BA187 /* championsimgTVCC.xib */; };
		A0B5F3EF1FC9D3E2002BA187 /* championsCVC.swift in Sources */ = {isa = PBXBuildFile; fileRef = A0B5F3EE1FC9D3E2002BA187 /* championsCVC.swift */; };
		A0B5F3F11FC9D445002BA187 /* championsVC.swift in Sources */ = {isa = PBXBuildFile; fileRef = A0B5F3F01FC9D445002BA187 /* championsVC.swift */; };
		A0B5F3F41FCA03FA002BA187 /* championsskinTVCC.swift in Sources */ = {isa = PBXBuildFile; fileRef = A0B5F3F21FCA03FA002BA187 /* championsskinTVCC.swift */; };
		A0B5F3F51FCA03FA002BA187 /* championsskinTVCC.xib in Resources */ = {isa = PBXBuildFile; fileRef = A0B5F3F31FCA03FA002BA187 /* championsskinTVCC.xib */; };
		A0BCAA691EB13281008F4D01 /* perfilstatstiersnullTVCC.swift in Sources */ = {isa = PBXBuildFile; fileRef = A0BCAA671EB13281008F4D01 /* perfilstatstiersnullTVCC.swift */; };
		A0BCAA6A1EB13281008F4D01 /* perfilstatstiersnullTVCC.xib in Resources */ = {isa = PBXBuildFile; fileRef = A0BCAA681EB13281008F4D01 /* perfilstatstiersnullTVCC.xib */; };
		A0BCAA6C1EB14772008F4D01 /* perfilstatusV.swift in Sources */ = {isa = PBXBuildFile; fileRef = A0BCAA6B1EB14772008F4D01 /* perfilstatusV.swift */; };
		A0BCAA6E1EB14785008F4D01 /* perfilstatusV.xib in Resources */ = {isa = PBXBuildFile; fileRef = A0BCAA6D1EB14785008F4D01 /* perfilstatusV.xib */; };
		A0BF02FA1EA6422600DB84E9 /* emptytableview.xib in Resources */ = {isa = PBXBuildFile; fileRef = A0BF02F91EA6422600DB84E9 /* emptytableview.xib */; };
		A0BF02FC1EA643DC00DB84E9 /* emptytableview.swift in Sources */ = {isa = PBXBuildFile; fileRef = A0BF02FB1EA643DC00DB84E9 /* emptytableview.swift */; };
		A0BF02FF1EA6B20000DB84E9 /* matchesTVC.swift in Sources */ = {isa = PBXBuildFile; fileRef = A0BF02FE1EA6B20000DB84E9 /* matchesTVC.swift */; };
		A0BF03011EA6B21900DB84E9 /* matchesTVCC.swift in Sources */ = {isa = PBXBuildFile; fileRef = A0BF03001EA6B21900DB84E9 /* matchesTVCC.swift */; };
		A0C849401FC8D861009389B2 /* championsTVC.swift in Sources */ = {isa = PBXBuildFile; fileRef = A0C8493F1FC8D861009389B2 /* championsTVC.swift */; };
		A0D97AF31EA78FCE00273C10 /* UIColorExtension.swift in Sources */ = {isa = PBXBuildFile; fileRef = A0D97AF21EA78FCE00273C10 /* UIColorExtension.swift */; };
		A0D97AF81EA792D300273C10 /* friz_quadrata_m.otf in Resources */ = {isa = PBXBuildFile; fileRef = A0D97AF61EA792D300273C10 /* friz_quadrata_m.otf */; };
		A0D97AF91EA792D300273C10 /* friz_quadrata_r.ttf in Resources */ = {isa = PBXBuildFile; fileRef = A0D97AF71EA792D300273C10 /* friz_quadrata_r.ttf */; };
		A0E478AF1EB363A600109F56 /* runesTVC.swift in Sources */ = {isa = PBXBuildFile; fileRef = A0E478AE1EB363A600109F56 /* runesTVC.swift */; };
		A0E478B11EB36D9A00109F56 /* runesdetTVC.swift in Sources */ = {isa = PBXBuildFile; fileRef = A0E478B01EB36D9A00109F56 /* runesdetTVC.swift */; };
		A0FC3D5D1F8B05AE005CE127 /* specTVCC.swift in Sources */ = {isa = PBXBuildFile; fileRef = A0FC3D5B1F8B05AE005CE127 /* specTVCC.swift */; };
		A0FC3D5E1F8B05AE005CE127 /* specTVCC.xib in Resources */ = {isa = PBXBuildFile; fileRef = A0FC3D5C1F8B05AE005CE127 /* specTVCC.xib */; };
		A0FC3D601F8B05C5005CE127 /* specTVC.swift in Sources */ = {isa = PBXBuildFile; fileRef = A0FC3D5F1F8B05C5005CE127 /* specTVC.swift */; };
		A0FF0CA91F00009700A0ADFE /* GoogleService-Info.plist in Resources */ = {isa = PBXBuildFile; fileRef = A0FF0CA81F00009700A0ADFE /* GoogleService-Info.plist */; };
/* End PBXBuildFile section */

/* Begin PBXContainerItemProxy section */
		A00280071E9D91BD003175A7 /* PBXContainerItemProxy */ = {
			isa = PBXContainerItemProxy;
			containerPortal = A0027FEA1E9D91BD003175A7 /* Project object */;
			proxyType = 1;
			remoteGlobalIDString = A0027FF11E9D91BD003175A7;
			remoteInfo = LOL4YOU;
		};
		A00280121E9D91BE003175A7 /* PBXContainerItemProxy */ = {
			isa = PBXContainerItemProxy;
			containerPortal = A0027FEA1E9D91BD003175A7 /* Project object */;
			proxyType = 1;
			remoteGlobalIDString = A0027FF11E9D91BD003175A7;
			remoteInfo = LOL4YOU;
		};
/* End PBXContainerItemProxy section */

/* Begin PBXFileReference section */
		3B8BB042ACBB5423013FEC3B /* Pods_LOL4YOUUITests.framework */ = {isa = PBXFileReference; explicitFileType = wrapper.framework; includeInIndex = 0; path = Pods_LOL4YOUUITests.framework; sourceTree = BUILT_PRODUCTS_DIR; };
		4D8C7653D0AE1D6DD09A232E /* Pods-LOL4YOU.release.xcconfig */ = {isa = PBXFileReference; includeInIndex = 1; lastKnownFileType = text.xcconfig; name = "Pods-LOL4YOU.release.xcconfig"; path = "Pods/Target Support Files/Pods-LOL4YOU/Pods-LOL4YOU.release.xcconfig"; sourceTree = "<group>"; };
		62BEFD983671AB73E196863F /* Pods_LOL4YOUTests.framework */ = {isa = PBXFileReference; explicitFileType = wrapper.framework; includeInIndex = 0; path = Pods_LOL4YOUTests.framework; sourceTree = BUILT_PRODUCTS_DIR; };
		7007F806A0F288D12F452558 /* Pods-LOL4YOUTests.release.xcconfig */ = {isa = PBXFileReference; includeInIndex = 1; lastKnownFileType = text.xcconfig; name = "Pods-LOL4YOUTests.release.xcconfig"; path = "Pods/Target Support Files/Pods-LOL4YOUTests/Pods-LOL4YOUTests.release.xcconfig"; sourceTree = "<group>"; };
		9EFD371BBE2A7AC48949FCB3 /* Pods_LOL4YOU.framework */ = {isa = PBXFileReference; explicitFileType = wrapper.framework; includeInIndex = 0; path = Pods_LOL4YOU.framework; sourceTree = BUILT_PRODUCTS_DIR; };
		A0027FF21E9D91BD003175A7 /* LOL4YOU.app */ = {isa = PBXFileReference; explicitFileType = wrapper.application; includeInIndex = 0; path = LOL4YOU.app; sourceTree = BUILT_PRODUCTS_DIR; };
		A0027FF51E9D91BD003175A7 /* AppDelegate.swift */ = {isa = PBXFileReference; lastKnownFileType = sourcecode.swift; path = AppDelegate.swift; sourceTree = "<group>"; };
		A0027FFA1E9D91BD003175A7 /* Base */ = {isa = PBXFileReference; lastKnownFileType = file.storyboard; name = Base; path = Base.lproj/Main.storyboard; sourceTree = "<group>"; };
		A0027FFC1E9D91BD003175A7 /* Assets.xcassets */ = {isa = PBXFileReference; lastKnownFileType = folder.assetcatalog; path = Assets.xcassets; sourceTree = "<group>"; };
		A0027FFF1E9D91BD003175A7 /* Base */ = {isa = PBXFileReference; lastKnownFileType = file.storyboard; name = Base; path = Base.lproj/LaunchScreen.storyboard; sourceTree = "<group>"; };
		A00280011E9D91BD003175A7 /* Info.plist */ = {isa = PBXFileReference; lastKnownFileType = text.plist.xml; path = Info.plist; sourceTree = "<group>"; };
		A00280061E9D91BD003175A7 /* LOL4YOUTests.xctest */ = {isa = PBXFileReference; explicitFileType = wrapper.cfbundle; includeInIndex = 0; path = LOL4YOUTests.xctest; sourceTree = BUILT_PRODUCTS_DIR; };
		A002800A1E9D91BE003175A7 /* LOL4YOUTests.swift */ = {isa = PBXFileReference; lastKnownFileType = sourcecode.swift; path = LOL4YOUTests.swift; sourceTree = "<group>"; };
		A002800C1E9D91BE003175A7 /* Info.plist */ = {isa = PBXFileReference; lastKnownFileType = text.plist.xml; path = Info.plist; sourceTree = "<group>"; };
		A00280111E9D91BE003175A7 /* LOL4YOUUITests.xctest */ = {isa = PBXFileReference; explicitFileType = wrapper.cfbundle; includeInIndex = 0; path = LOL4YOUUITests.xctest; sourceTree = BUILT_PRODUCTS_DIR; };
		A00280151E9D91BE003175A7 /* LOL4YOUUITests.swift */ = {isa = PBXFileReference; lastKnownFileType = sourcecode.swift; path = LOL4YOUUITests.swift; sourceTree = "<group>"; };
		A00280171E9D91BE003175A7 /* Info.plist */ = {isa = PBXFileReference; lastKnownFileType = text.plist.xml; path = Info.plist; sourceTree = "<group>"; };
		A00280231E9D981B003175A7 /* rootclass.swift */ = {isa = PBXFileReference; fileEncoding = 4; lastKnownFileType = sourcecode.swift; path = rootclass.swift; sourceTree = "<group>"; };
		A00280281E9DAE08003175A7 /* statsTVC.swift */ = {isa = PBXFileReference; fileEncoding = 4; lastKnownFileType = sourcecode.swift; path = statsTVC.swift; sourceTree = "<group>"; };
		A002802A1E9DAE27003175A7 /* statsTVCC.swift */ = {isa = PBXFileReference; fileEncoding = 4; lastKnownFileType = sourcecode.swift; path = statsTVCC.swift; sourceTree = "<group>"; };
		A01218351EBA641700B45F0F /* root.plist */ = {isa = PBXFileReference; fileEncoding = 4; lastKnownFileType = text.plist.xml; path = root.plist; sourceTree = "<group>"; };
		A01578541EB8F1B100A30C41 /* masterysTVC.swift */ = {isa = PBXFileReference; fileEncoding = 4; lastKnownFileType = sourcecode.swift; path = masterysTVC.swift; sourceTree = "<group>"; };
		A01578561EB8F1C400A30C41 /* masterysdetTVC.swift */ = {isa = PBXFileReference; fileEncoding = 4; lastKnownFileType = sourcecode.swift; path = masterysdetTVC.swift; sourceTree = "<group>"; };
		A01757761F0D8C2000ED9278 /* rootadmob.swift */ = {isa = PBXFileReference; fileEncoding = 4; lastKnownFileType = sourcecode.swift; path = rootadmob.swift; sourceTree = "<group>"; };
		A017A8731EA5456700C325F7 /* perfilCVC.swift */ = {isa = PBXFileReference; fileEncoding = 4; lastKnownFileType = sourcecode.swift; path = perfilCVC.swift; sourceTree = "<group>"; };
		A017A8751EA546B600C325F7 /* perfilVC.swift */ = {isa = PBXFileReference; fileEncoding = 4; lastKnownFileType = sourcecode.swift; path = perfilVC.swift; sourceTree = "<group>"; };
		A01BB8F21F7857D400E1A52D /* dateextensions.swift */ = {isa = PBXFileReference; fileEncoding = 4; lastKnownFileType = sourcecode.swift; path = dateextensions.swift; sourceTree = "<group>"; };
		A04A6CCB1EB100E8001D9770 /* perfilstatsTVC.swift */ = {isa = PBXFileReference; fileEncoding = 4; lastKnownFileType = sourcecode.swift; path = perfilstatsTVC.swift; sourceTree = "<group>"; };
		A056E76F1EAE2B92007FDB9F /* matchesdetplayersTVCC.swift */ = {isa = PBXFileReference; fileEncoding = 4; lastKnownFileType = sourcecode.swift; path = matchesdetplayersTVCC.swift; sourceTree = "<group>"; };
		A056E7701EAE2B92007FDB9F /* matchesdetplayersTVCC.xib */ = {isa = PBXFileReference; fileEncoding = 4; lastKnownFileType = file.xib; path = matchesdetplayersTVCC.xib; sourceTree = "<group>"; };
		A056E7731EAE3901007FDB9F /* matchesdetTVC.swift */ = {isa = PBXFileReference; fileEncoding = 4; lastKnownFileType = sourcecode.swift; path = matchesdetTVC.swift; sourceTree = "<group>"; };
		A056E7801EAE94DD007FDB9F /* matchesdetbansTVCC.swift */ = {isa = PBXFileReference; fileEncoding = 4; lastKnownFileType = sourcecode.swift; path = matchesdetbansTVCC.swift; sourceTree = "<group>"; };
		A056E7811EAE94DD007FDB9F /* matchesdetbansTVCC.xib */ = {isa = PBXFileReference; fileEncoding = 4; lastKnownFileType = file.xib; path = matchesdetbansTVCC.xib; sourceTree = "<group>"; };
		A06CD86C1E9E5FC000D4362E /* statsdetTVC.swift */ = {isa = PBXFileReference; fileEncoding = 4; lastKnownFileType = sourcecode.swift; path = statsdetTVC.swift; sourceTree = "<group>"; };
		A08B8C1E1F8E65AB0063D155 /* specdetTVC.swift */ = {isa = PBXFileReference; fileEncoding = 4; lastKnownFileType = sourcecode.swift; path = specdetTVC.swift; sourceTree = "<group>"; };
		A093D1781F6EC83400DCC466 /* champmasteryVC.swift */ = {isa = PBXFileReference; fileEncoding = 4; lastKnownFileType = sourcecode.swift; path = champmasteryVC.swift; sourceTree = "<group>"; };
		A093D17A1F6EC85900DCC466 /* championmasteryCVC.swift */ = {isa = PBXFileReference; fileEncoding = 4; lastKnownFileType = sourcecode.swift; path = championmasteryCVC.swift; sourceTree = "<group>"; };
		A09D99EF1EA3D0360054E988 /* searchsummonerTVC.swift */ = {isa = PBXFileReference; fileEncoding = 4; lastKnownFileType = sourcecode.swift; path = searchsummonerTVC.swift; sourceTree = "<group>"; };
		A0A4994D1EB2155300977541 /* infoTVCC.swift */ = {isa = PBXFileReference; fileEncoding = 4; lastKnownFileType = sourcecode.swift; path = infoTVCC.swift; sourceTree = "<group>"; };
		A0A4994E1EB2155300977541 /* infoTVCC.xib */ = {isa = PBXFileReference; fileEncoding = 4; lastKnownFileType = file.xib; path = infoTVCC.xib; sourceTree = "<group>"; };
		A0A499521EB21B0A00977541 /* matchesstatsdetTVC.swift */ = {isa = PBXFileReference; fileEncoding = 4; lastKnownFileType = sourcecode.swift; path = matchesstatsdetTVC.swift; sourceTree = "<group>"; };
		A0A499541EB21BEA00977541 /* headerTVH.swift */ = {isa = PBXFileReference; fileEncoding = 4; lastKnownFileType = sourcecode.swift; path = headerTVH.swift; sourceTree = "<group>"; };
		A0A499561EB21C1400977541 /* headerTVH.xib */ = {isa = PBXFileReference; fileEncoding = 4; lastKnownFileType = file.xib; path = headerTVH.xib; sourceTree = "<group>"; };
		A0A499581EB2313700977541 /* imageTVCC.swift */ = {isa = PBXFileReference; fileEncoding = 4; lastKnownFileType = sourcecode.swift; path = imageTVCC.swift; sourceTree = "<group>"; };
		A0A499591EB2313700977541 /* imageTVCC.xib */ = {isa = PBXFileReference; fileEncoding = 4; lastKnownFileType = file.xib; path = imageTVCC.xib; sourceTree = "<group>"; };
		A0A4995C1EB2877900977541 /* runesTVCC.swift */ = {isa = PBXFileReference; fileEncoding = 4; lastKnownFileType = sourcecode.swift; path = runesTVCC.swift; sourceTree = "<group>"; };
		A0A4995D1EB2877900977541 /* runesTVCC.xib */ = {isa = PBXFileReference; fileEncoding = 4; lastKnownFileType = file.xib; path = runesTVCC.xib; sourceTree = "<group>"; };
		A0A499601EB28FBD00977541 /* masteryTVCC.swift */ = {isa = PBXFileReference; fileEncoding = 4; lastKnownFileType = sourcecode.swift; path = masteryTVCC.swift; sourceTree = "<group>"; };
		A0A499611EB28FBD00977541 /* masteryTVCC.xib */ = {isa = PBXFileReference; fileEncoding = 4; lastKnownFileType = file.xib; path = masteryTVCC.xib; sourceTree = "<group>"; };
		A0AAFEBC1F01F09500D09D84 /* LOL4YOU.entitlements */ = {isa = PBXFileReference; lastKnownFileType = text.plist.entitlements; path = LOL4YOU.entitlements; sourceTree = "<group>"; };
		A0AB1F291F0B142E0099CB9E /* AdSupport.framework */ = {isa = PBXFileReference; lastKnownFileType = wrapper.framework; name = AdSupport.framework; path = System/Library/Frameworks/AdSupport.framework; sourceTree = SDKROOT; };
		A0AB1F301F0B15290099CB9E /* iAd.framework */ = {isa = PBXFileReference; lastKnownFileType = wrapper.framework; name = iAd.framework; path = System/Library/Frameworks/iAd.framework; sourceTree = SDKROOT; };
		A0B5F3E61FC97CB7002BA187 /* championstableTVCC.swift */ = {isa = PBXFileReference; fileEncoding = 4; lastKnownFileType = sourcecode.swift; path = championstableTVCC.swift; sourceTree = "<group>"; };
		A0B5F3E71FC97CB7002BA187 /* championstableTVCC.xib */ = {isa = PBXFileReference; fileEncoding = 4; lastKnownFileType = file.xib; path = championstableTVCC.xib; sourceTree = "<group>"; };
		A0B5F3EA1FC9887C002BA187 /* championsimgTVCC.swift */ = {isa = PBXFileReference; fileEncoding = 4; lastKnownFileType = sourcecode.swift; path = championsimgTVCC.swift; sourceTree = "<group>"; };
		A0B5F3EB1FC9887C002BA187 /* championsimgTVCC.xib */ = {isa = PBXFileReference; fileEncoding = 4; lastKnownFileType = file.xib; path = championsimgTVCC.xib; sourceTree = "<group>"; };
		A0B5F3EE1FC9D3E2002BA187 /* championsCVC.swift */ = {isa = PBXFileReference; fileEncoding = 4; lastKnownFileType = sourcecode.swift; path = championsCVC.swift; sourceTree = "<group>"; };
		A0B5F3F01FC9D445002BA187 /* championsVC.swift */ = {isa = PBXFileReference; fileEncoding = 4; lastKnownFileType = sourcecode.swift; path = championsVC.swift; sourceTree = "<group>"; };
		A0B5F3F21FCA03FA002BA187 /* championsskinTVCC.swift */ = {isa = PBXFileReference; fileEncoding = 4; lastKnownFileType = sourcecode.swift; path = championsskinTVCC.swift; sourceTree = "<group>"; };
		A0B5F3F31FCA03FA002BA187 /* championsskinTVCC.xib */ = {isa = PBXFileReference; fileEncoding = 4; lastKnownFileType = file.xib; path = championsskinTVCC.xib; sourceTree = "<group>"; };
		A0BCAA671EB13281008F4D01 /* perfilstatstiersnullTVCC.swift */ = {isa = PBXFileReference; fileEncoding = 4; lastKnownFileType = sourcecode.swift; path = perfilstatstiersnullTVCC.swift; sourceTree = "<group>"; };
		A0BCAA681EB13281008F4D01 /* perfilstatstiersnullTVCC.xib */ = {isa = PBXFileReference; fileEncoding = 4; lastKnownFileType = file.xib; path = perfilstatstiersnullTVCC.xib; sourceTree = "<group>"; };
		A0BCAA6B1EB14772008F4D01 /* perfilstatusV.swift */ = {isa = PBXFileReference; fileEncoding = 4; lastKnownFileType = sourcecode.swift; path = perfilstatusV.swift; sourceTree = "<group>"; };
		A0BCAA6D1EB14785008F4D01 /* perfilstatusV.xib */ = {isa = PBXFileReference; fileEncoding = 4; lastKnownFileType = file.xib; path = perfilstatusV.xib; sourceTree = "<group>"; };
		A0BF02F91EA6422600DB84E9 /* emptytableview.xib */ = {isa = PBXFileReference; fileEncoding = 4; lastKnownFileType = file.xib; path = emptytableview.xib; sourceTree = "<group>"; };
		A0BF02FB1EA643DC00DB84E9 /* emptytableview.swift */ = {isa = PBXFileReference; fileEncoding = 4; lastKnownFileType = sourcecode.swift; path = emptytableview.swift; sourceTree = "<group>"; };
		A0BF02FE1EA6B20000DB84E9 /* matchesTVC.swift */ = {isa = PBXFileReference; fileEncoding = 4; lastKnownFileType = sourcecode.swift; path = matchesTVC.swift; sourceTree = "<group>"; };
		A0BF03001EA6B21900DB84E9 /* matchesTVCC.swift */ = {isa = PBXFileReference; fileEncoding = 4; lastKnownFileType = sourcecode.swift; path = matchesTVCC.swift; sourceTree = "<group>"; };
		A0C8493F1FC8D861009389B2 /* championsTVC.swift */ = {isa = PBXFileReference; fileEncoding = 4; lastKnownFileType = sourcecode.swift; path = championsTVC.swift; sourceTree = "<group>"; };
		A0D97AF21EA78FCE00273C10 /* UIColorExtension.swift */ = {isa = PBXFileReference; fileEncoding = 4; lastKnownFileType = sourcecode.swift; path = UIColorExtension.swift; sourceTree = "<group>"; };
		A0D97AF61EA792D300273C10 /* friz_quadrata_m.otf */ = {isa = PBXFileReference; lastKnownFileType = file; path = friz_quadrata_m.otf; sourceTree = "<group>"; };
		A0D97AF71EA792D300273C10 /* friz_quadrata_r.ttf */ = {isa = PBXFileReference; lastKnownFileType = file; path = friz_quadrata_r.ttf; sourceTree = "<group>"; };
		A0E478AE1EB363A600109F56 /* runesTVC.swift */ = {isa = PBXFileReference; fileEncoding = 4; lastKnownFileType = sourcecode.swift; path = runesTVC.swift; sourceTree = "<group>"; };
		A0E478B01EB36D9A00109F56 /* runesdetTVC.swift */ = {isa = PBXFileReference; fileEncoding = 4; lastKnownFileType = sourcecode.swift; path = runesdetTVC.swift; sourceTree = "<group>"; };
		A0FC3D5B1F8B05AE005CE127 /* specTVCC.swift */ = {isa = PBXFileReference; fileEncoding = 4; lastKnownFileType = sourcecode.swift; path = specTVCC.swift; sourceTree = "<group>"; };
		A0FC3D5C1F8B05AE005CE127 /* specTVCC.xib */ = {isa = PBXFileReference; fileEncoding = 4; lastKnownFileType = file.xib; path = specTVCC.xib; sourceTree = "<group>"; };
		A0FC3D5F1F8B05C5005CE127 /* specTVC.swift */ = {isa = PBXFileReference; fileEncoding = 4; lastKnownFileType = sourcecode.swift; path = specTVC.swift; sourceTree = "<group>"; };
		A0FF0CA81F00009700A0ADFE /* GoogleService-Info.plist */ = {isa = PBXFileReference; fileEncoding = 4; lastKnownFileType = text.plist.xml; path = "GoogleService-Info.plist"; sourceTree = "<group>"; };
		A6BFB153ADEC2999EECF69C7 /* Pods-LOL4YOUUITests.release.xcconfig */ = {isa = PBXFileReference; includeInIndex = 1; lastKnownFileType = text.xcconfig; name = "Pods-LOL4YOUUITests.release.xcconfig"; path = "Pods/Target Support Files/Pods-LOL4YOUUITests/Pods-LOL4YOUUITests.release.xcconfig"; sourceTree = "<group>"; };
		AC8C668551E0C102D198AF48 /* Pods-LOL4YOU.debug.xcconfig */ = {isa = PBXFileReference; includeInIndex = 1; lastKnownFileType = text.xcconfig; name = "Pods-LOL4YOU.debug.xcconfig"; path = "Pods/Target Support Files/Pods-LOL4YOU/Pods-LOL4YOU.debug.xcconfig"; sourceTree = "<group>"; };
		E6BC6E124B7C5F434839A596 /* Pods-LOL4YOUUITests.debug.xcconfig */ = {isa = PBXFileReference; includeInIndex = 1; lastKnownFileType = text.xcconfig; name = "Pods-LOL4YOUUITests.debug.xcconfig"; path = "Pods/Target Support Files/Pods-LOL4YOUUITests/Pods-LOL4YOUUITests.debug.xcconfig"; sourceTree = "<group>"; };
		F9E5C8E6FC02AA52AEB93D22 /* Pods-LOL4YOUTests.debug.xcconfig */ = {isa = PBXFileReference; includeInIndex = 1; lastKnownFileType = text.xcconfig; name = "Pods-LOL4YOUTests.debug.xcconfig"; path = "Pods/Target Support Files/Pods-LOL4YOUTests/Pods-LOL4YOUTests.debug.xcconfig"; sourceTree = "<group>"; };
/* End PBXFileReference section */

/* Begin PBXFrameworksBuildPhase section */
		A0027FEF1E9D91BD003175A7 /* Frameworks */ = {
			isa = PBXFrameworksBuildPhase;
			buildActionMask = 2147483647;
			files = (
				A0AB1F311F0B15290099CB9E /* iAd.framework in Frameworks */,
				4289DC60B5B9382572992C34 /* Pods_LOL4YOU.framework in Frameworks */,
			);
			runOnlyForDeploymentPostprocessing = 0;
		};
		A00280031E9D91BD003175A7 /* Frameworks */ = {
			isa = PBXFrameworksBuildPhase;
			buildActionMask = 2147483647;
			files = (
				4C0FD50F2E61BC48463FCE49 /* Pods_LOL4YOUTests.framework in Frameworks */,
			);
			runOnlyForDeploymentPostprocessing = 0;
		};
		A002800E1E9D91BE003175A7 /* Frameworks */ = {
			isa = PBXFrameworksBuildPhase;
			buildActionMask = 2147483647;
			files = (
				17E3A7E34EFF375E6CE4213B /* Pods_LOL4YOUUITests.framework in Frameworks */,
			);
			runOnlyForDeploymentPostprocessing = 0;
		};
/* End PBXFrameworksBuildPhase section */

/* Begin PBXGroup section */
		2B030B1585D762344FAA6351 /* Frameworks */ = {
			isa = PBXGroup;
			children = (
				A0AB1F301F0B15290099CB9E /* iAd.framework */,
				A0AB1F291F0B142E0099CB9E /* AdSupport.framework */,
				9EFD371BBE2A7AC48949FCB3 /* Pods_LOL4YOU.framework */,
				62BEFD983671AB73E196863F /* Pods_LOL4YOUTests.framework */,
				3B8BB042ACBB5423013FEC3B /* Pods_LOL4YOUUITests.framework */,
			);
			name = Frameworks;
			sourceTree = "<group>";
		};
		A0027FE91E9D91BD003175A7 = {
			isa = PBXGroup;
			children = (
				A0027FF41E9D91BD003175A7 /* LOL4YOU */,
				A00280091E9D91BD003175A7 /* LOL4YOUTests */,
				A00280141E9D91BE003175A7 /* LOL4YOUUITests */,
				A0027FF31E9D91BD003175A7 /* Products */,
				E4B4D2BBD01263CC199BB13D /* Pods */,
				2B030B1585D762344FAA6351 /* Frameworks */,
			);
			sourceTree = "<group>";
		};
		A0027FF31E9D91BD003175A7 /* Products */ = {
			isa = PBXGroup;
			children = (
				A0027FF21E9D91BD003175A7 /* LOL4YOU.app */,
				A00280061E9D91BD003175A7 /* LOL4YOUTests.xctest */,
				A00280111E9D91BE003175A7 /* LOL4YOUUITests.xctest */,
			);
			name = Products;
			sourceTree = "<group>";
		};
		A0027FF41E9D91BD003175A7 /* LOL4YOU */ = {
			isa = PBXGroup;
			children = (
				A0AAFEBC1F01F09500D09D84 /* LOL4YOU.entitlements */,
				A0D97AF41EA7926500273C10 /* files */,
				A0BF02F81EA6420E00DB84E9 /* utils */,
				A00280261E9DADDD003175A7 /* view */,
				A00280251E9D9F38003175A7 /* model */,
				A0027FF51E9D91BD003175A7 /* AppDelegate.swift */,
				A0027FF91E9D91BD003175A7 /* Main.storyboard */,
				A0027FFC1E9D91BD003175A7 /* Assets.xcassets */,
				A0027FFE1E9D91BD003175A7 /* LaunchScreen.storyboard */,
				A00280011E9D91BD003175A7 /* Info.plist */,
			);
			path = LOL4YOU;
			sourceTree = "<group>";
		};
		A00280091E9D91BD003175A7 /* LOL4YOUTests */ = {
			isa = PBXGroup;
			children = (
				A002800A1E9D91BE003175A7 /* LOL4YOUTests.swift */,
				A002800C1E9D91BE003175A7 /* Info.plist */,
			);
			path = LOL4YOUTests;
			sourceTree = "<group>";
		};
		A00280141E9D91BE003175A7 /* LOL4YOUUITests */ = {
			isa = PBXGroup;
			children = (
				A00280151E9D91BE003175A7 /* LOL4YOUUITests.swift */,
				A00280171E9D91BE003175A7 /* Info.plist */,
			);
			path = LOL4YOUUITests;
			sourceTree = "<group>";
		};
		A00280251E9D9F38003175A7 /* model */ = {
			isa = PBXGroup;
			children = (
				A00280231E9D981B003175A7 /* rootclass.swift */,
				A01757761F0D8C2000ED9278 /* rootadmob.swift */,
			);
			name = model;
			sourceTree = "<group>";
		};
		A00280261E9DADDD003175A7 /* view */ = {
			isa = PBXGroup;
			children = (
				A0C8493E1FC8D830009389B2 /* champions */,
				A0FC3D5A1F8B0537005CE127 /* spectador */,
				A0E478AD1EB3630F00109F56 /* runes */,
				A0B7CE171F6EAE5300935AF9 /* champmastery */,
				A01578531EB8F0F700A30C41 /* masterys */,
				A0A499461EB214B900977541 /* generics */,
				A04A6CCA1EB10098001D9770 /* perfilstats */,
				A0BF02FD1EA6ACA600DB84E9 /* matches */,
				A017A86E1EA543CC00C325F7 /* perfil */,
				A09D99EE1EA3CFFC0054E988 /* search */,
				A00280271E9DADE5003175A7 /* stats */,
			);
			name = view;
			sourceTree = "<group>";
		};
		A00280271E9DADE5003175A7 /* stats */ = {
			isa = PBXGroup;
			children = (
				A00280281E9DAE08003175A7 /* statsTVC.swift */,
				A002802A1E9DAE27003175A7 /* statsTVCC.swift */,
				A06CD86C1E9E5FC000D4362E /* statsdetTVC.swift */,
			);
			name = stats;
			sourceTree = "<group>";
		};
		A01218341EBA640000B45F0F /* plist */ = {
			isa = PBXGroup;
			children = (
				A0FF0CA81F00009700A0ADFE /* GoogleService-Info.plist */,
				A01218351EBA641700B45F0F /* root.plist */,
			);
			name = plist;
			sourceTree = "<group>";
		};
		A01578531EB8F0F700A30C41 /* masterys */ = {
			isa = PBXGroup;
			children = (
				A01578541EB8F1B100A30C41 /* masterysTVC.swift */,
				A01578561EB8F1C400A30C41 /* masterysdetTVC.swift */,
			);
			name = masterys;
			sourceTree = "<group>";
		};
		A017A86E1EA543CC00C325F7 /* perfil */ = {
			isa = PBXGroup;
			children = (
				A017A8731EA5456700C325F7 /* perfilCVC.swift */,
				A017A8751EA546B600C325F7 /* perfilVC.swift */,
			);
			name = perfil;
			sourceTree = "<group>";
		};
		A04A6CCA1EB10098001D9770 /* perfilstats */ = {
			isa = PBXGroup;
			children = (
				A04A6CCB1EB100E8001D9770 /* perfilstatsTVC.swift */,
				A0BCAA671EB13281008F4D01 /* perfilstatstiersnullTVCC.swift */,
				A0BCAA681EB13281008F4D01 /* perfilstatstiersnullTVCC.xib */,
				A0BCAA6B1EB14772008F4D01 /* perfilstatusV.swift */,
				A0BCAA6D1EB14785008F4D01 /* perfilstatusV.xib */,
			);
			name = perfilstats;
			sourceTree = "<group>";
		};
		A056E7751EAE3C47007FDB9F /* matchesdet */ = {
			isa = PBXGroup;
			children = (
				A056E76F1EAE2B92007FDB9F /* matchesdetplayersTVCC.swift */,
				A056E7701EAE2B92007FDB9F /* matchesdetplayersTVCC.xib */,
				A056E7731EAE3901007FDB9F /* matchesdetTVC.swift */,
				A056E7801EAE94DD007FDB9F /* matchesdetbansTVCC.swift */,
				A056E7811EAE94DD007FDB9F /* matchesdetbansTVCC.xib */,
			);
			name = matchesdet;
			sourceTree = "<group>";
		};
		A08B8C1D1F8E65900063D155 /* spectadordet */ = {
			isa = PBXGroup;
			children = (
				A08B8C1E1F8E65AB0063D155 /* specdetTVC.swift */,
			);
			name = spectadordet;
			sourceTree = "<group>";
		};
		A09D99EE1EA3CFFC0054E988 /* search */ = {
			isa = PBXGroup;
			children = (
				A09D99EF1EA3D0360054E988 /* searchsummonerTVC.swift */,
			);
			name = search;
			sourceTree = "<group>";
		};
		A0A499461EB214B900977541 /* generics */ = {
			isa = PBXGroup;
			children = (
				A0A4994D1EB2155300977541 /* infoTVCC.swift */,
				A0A4994E1EB2155300977541 /* infoTVCC.xib */,
				A0A499541EB21BEA00977541 /* headerTVH.swift */,
				A0A499561EB21C1400977541 /* headerTVH.xib */,
				A0A499581EB2313700977541 /* imageTVCC.swift */,
				A0A499591EB2313700977541 /* imageTVCC.xib */,
				A0A4995C1EB2877900977541 /* runesTVCC.swift */,
				A0A4995D1EB2877900977541 /* runesTVCC.xib */,
				A0A499601EB28FBD00977541 /* masteryTVCC.swift */,
				A0A499611EB28FBD00977541 /* masteryTVCC.xib */,
			);
			name = generics;
			sourceTree = "<group>";
		};
		A0A499511EB21A9200977541 /* matchesstatsdet */ = {
			isa = PBXGroup;
			children = (
				A0A499521EB21B0A00977541 /* matchesstatsdetTVC.swift */,
			);
			name = matchesstatsdet;
			sourceTree = "<group>";
		};
		A0B7CE171F6EAE5300935AF9 /* champmastery */ = {
			isa = PBXGroup;
			children = (
				A093D1781F6EC83400DCC466 /* champmasteryVC.swift */,
				A093D17A1F6EC85900DCC466 /* championmasteryCVC.swift */,
			);
			name = champmastery;
			sourceTree = "<group>";
		};
		A0BF02F71EA641F600DB84E9 /* backview */ = {
			isa = PBXGroup;
			children = (
				A0BF02F91EA6422600DB84E9 /* emptytableview.xib */,
				A0BF02FB1EA643DC00DB84E9 /* emptytableview.swift */,
			);
			name = backview;
			sourceTree = "<group>";
		};
		A0BF02F81EA6420E00DB84E9 /* utils */ = {
			isa = PBXGroup;
			children = (
				A0D97AF11EA78F9E00273C10 /* extensions */,
				A0BF02F71EA641F600DB84E9 /* backview */,
			);
			name = utils;
			sourceTree = "<group>";
		};
		A0BF02FD1EA6ACA600DB84E9 /* matches */ = {
			isa = PBXGroup;
			children = (
				A0A499511EB21A9200977541 /* matchesstatsdet */,
				A056E7751EAE3C47007FDB9F /* matchesdet */,
				A0BF02FE1EA6B20000DB84E9 /* matchesTVC.swift */,
				A0BF03001EA6B21900DB84E9 /* matchesTVCC.swift */,
			);
			name = matches;
			sourceTree = "<group>";
		};
		A0C8493E1FC8D830009389B2 /* champions */ = {
			isa = PBXGroup;
			children = (
				A0C8493F1FC8D861009389B2 /* championsTVC.swift */,
				A0B5F3E61FC97CB7002BA187 /* championstableTVCC.swift */,
				A0B5F3E71FC97CB7002BA187 /* championstableTVCC.xib */,
				A0B5F3EA1FC9887C002BA187 /* championsimgTVCC.swift */,
				A0B5F3EB1FC9887C002BA187 /* championsimgTVCC.xib */,
				A0B5F3EE1FC9D3E2002BA187 /* championsCVC.swift */,
				A0B5F3F01FC9D445002BA187 /* championsVC.swift */,
				A0B5F3F21FCA03FA002BA187 /* championsskinTVCC.swift */,
				A0B5F3F31FCA03FA002BA187 /* championsskinTVCC.xib */,
			);
			name = champions;
			sourceTree = "<group>";
		};
		A0D97AF11EA78F9E00273C10 /* extensions */ = {
			isa = PBXGroup;
			children = (
				A0D97AF21EA78FCE00273C10 /* UIColorExtension.swift */,
				A01BB8F21F7857D400E1A52D /* dateextensions.swift */,
			);
			name = extensions;
			sourceTree = "<group>";
		};
		A0D97AF41EA7926500273C10 /* files */ = {
			isa = PBXGroup;
			children = (
				A01218341EBA640000B45F0F /* plist */,
				A0D97AF51EA7926B00273C10 /* fonts */,
			);
			name = files;
			sourceTree = "<group>";
		};
		A0D97AF51EA7926B00273C10 /* fonts */ = {
			isa = PBXGroup;
			children = (
				A0D97AF61EA792D300273C10 /* friz_quadrata_m.otf */,
				A0D97AF71EA792D300273C10 /* friz_quadrata_r.ttf */,
			);
			name = fonts;
			sourceTree = "<group>";
		};
		A0E478AD1EB3630F00109F56 /* runes */ = {
			isa = PBXGroup;
			children = (
				A0E478AE1EB363A600109F56 /* runesTVC.swift */,
				A0E478B01EB36D9A00109F56 /* runesdetTVC.swift */,
			);
			name = runes;
			sourceTree = "<group>";
		};
		A0FC3D5A1F8B0537005CE127 /* spectador */ = {
			isa = PBXGroup;
			children = (
				A08B8C1D1F8E65900063D155 /* spectadordet */,
				A0FC3D5B1F8B05AE005CE127 /* specTVCC.swift */,
				A0FC3D5C1F8B05AE005CE127 /* specTVCC.xib */,
				A0FC3D5F1F8B05C5005CE127 /* specTVC.swift */,
			);
			name = spectador;
			sourceTree = "<group>";
		};
		E4B4D2BBD01263CC199BB13D /* Pods */ = {
			isa = PBXGroup;
			children = (
				AC8C668551E0C102D198AF48 /* Pods-LOL4YOU.debug.xcconfig */,
				4D8C7653D0AE1D6DD09A232E /* Pods-LOL4YOU.release.xcconfig */,
				F9E5C8E6FC02AA52AEB93D22 /* Pods-LOL4YOUTests.debug.xcconfig */,
				7007F806A0F288D12F452558 /* Pods-LOL4YOUTests.release.xcconfig */,
				E6BC6E124B7C5F434839A596 /* Pods-LOL4YOUUITests.debug.xcconfig */,
				A6BFB153ADEC2999EECF69C7 /* Pods-LOL4YOUUITests.release.xcconfig */,
			);
			name = Pods;
			sourceTree = "<group>";
		};
/* End PBXGroup section */

/* Begin PBXNativeTarget section */
		A0027FF11E9D91BD003175A7 /* LOL4YOU */ = {
			isa = PBXNativeTarget;
			buildConfigurationList = A002801A1E9D91BE003175A7 /* Build configuration list for PBXNativeTarget "LOL4YOU" */;
			buildPhases = (
				A8892486F2DF5726620B4E2A /* [CP] Check Pods Manifest.lock */,
				A0027FEE1E9D91BD003175A7 /* Sources */,
				A0027FEF1E9D91BD003175A7 /* Frameworks */,
				A0027FF01E9D91BD003175A7 /* Resources */,
				66DBA0712CC9291B27B7E544 /* [CP] Embed Pods Frameworks */,
				DE51FAD9C5569008B1E6B6D1 /* [CP] Copy Pods Resources */,
			);
			buildRules = (
			);
			dependencies = (
			);
			name = LOL4YOU;
			productName = LOL4YOU;
			productReference = A0027FF21E9D91BD003175A7 /* LOL4YOU.app */;
			productType = "com.apple.product-type.application";
		};
		A00280051E9D91BD003175A7 /* LOL4YOUTests */ = {
			isa = PBXNativeTarget;
			buildConfigurationList = A002801D1E9D91BE003175A7 /* Build configuration list for PBXNativeTarget "LOL4YOUTests" */;
			buildPhases = (
				A08635B2714E6D1BB847E580 /* [CP] Check Pods Manifest.lock */,
				A00280021E9D91BD003175A7 /* Sources */,
				A00280031E9D91BD003175A7 /* Frameworks */,
				A00280041E9D91BD003175A7 /* Resources */,
				076DA660898B88A45B080B52 /* [CP] Embed Pods Frameworks */,
				2196B8ECBB5A3C5A732ACC2C /* [CP] Copy Pods Resources */,
			);
			buildRules = (
			);
			dependencies = (
				A00280081E9D91BD003175A7 /* PBXTargetDependency */,
			);
			name = LOL4YOUTests;
			productName = LOL4YOUTests;
			productReference = A00280061E9D91BD003175A7 /* LOL4YOUTests.xctest */;
			productType = "com.apple.product-type.bundle.unit-test";
		};
		A00280101E9D91BE003175A7 /* LOL4YOUUITests */ = {
			isa = PBXNativeTarget;
			buildConfigurationList = A00280201E9D91BE003175A7 /* Build configuration list for PBXNativeTarget "LOL4YOUUITests" */;
			buildPhases = (
				DC67614F34550095C282B5B4 /* [CP] Check Pods Manifest.lock */,
				A002800D1E9D91BE003175A7 /* Sources */,
				A002800E1E9D91BE003175A7 /* Frameworks */,
				A002800F1E9D91BE003175A7 /* Resources */,
				5841E859B7487A6E9AAE171E /* [CP] Embed Pods Frameworks */,
				CD62A63DBDDD7F194C291B16 /* [CP] Copy Pods Resources */,
			);
			buildRules = (
			);
			dependencies = (
				A00280131E9D91BE003175A7 /* PBXTargetDependency */,
			);
			name = LOL4YOUUITests;
			productName = LOL4YOUUITests;
			productReference = A00280111E9D91BE003175A7 /* LOL4YOUUITests.xctest */;
			productType = "com.apple.product-type.bundle.ui-testing";
		};
/* End PBXNativeTarget section */

/* Begin PBXProject section */
		A0027FEA1E9D91BD003175A7 /* Project object */ = {
			isa = PBXProject;
			attributes = {
				LastSwiftUpdateCheck = 0800;
				LastUpgradeCheck = 0800;
				ORGANIZATIONNAME = "Emanuel Root";
				TargetAttributes = {
					A0027FF11E9D91BD003175A7 = {
						CreatedOnToolsVersion = 8.0;
						DevelopmentTeam = Z4U29JK2HG;
						ProvisioningStyle = Automatic;
						SystemCapabilities = {
							com.apple.Keychain = {
								enabled = 1;
							};
						};
					};
					A00280051E9D91BD003175A7 = {
						CreatedOnToolsVersion = 8.0;
						DevelopmentTeam = Z4U29JK2HG;
						ProvisioningStyle = Automatic;
						TestTargetID = A0027FF11E9D91BD003175A7;
					};
					A00280101E9D91BE003175A7 = {
						CreatedOnToolsVersion = 8.0;
						DevelopmentTeam = Z4U29JK2HG;
						ProvisioningStyle = Automatic;
						TestTargetID = A0027FF11E9D91BD003175A7;
					};
				};
			};
			buildConfigurationList = A0027FED1E9D91BD003175A7 /* Build configuration list for PBXProject "LOL4YOU" */;
			compatibilityVersion = "Xcode 3.2";
			developmentRegion = English;
			hasScannedForEncodings = 0;
			knownRegions = (
				en,
				Base,
			);
			mainGroup = A0027FE91E9D91BD003175A7;
			productRefGroup = A0027FF31E9D91BD003175A7 /* Products */;
			projectDirPath = "";
			projectRoot = "";
			targets = (
				A0027FF11E9D91BD003175A7 /* LOL4YOU */,
				A00280051E9D91BD003175A7 /* LOL4YOUTests */,
				A00280101E9D91BE003175A7 /* LOL4YOUUITests */,
			);
		};
/* End PBXProject section */

/* Begin PBXResourcesBuildPhase section */
		A0027FF01E9D91BD003175A7 /* Resources */ = {
			isa = PBXResourcesBuildPhase;
			buildActionMask = 2147483647;
			files = (
				A0FC3D5E1F8B05AE005CE127 /* specTVCC.xib in Resources */,
				A0B5F3E91FC97CB7002BA187 /* championstableTVCC.xib in Resources */,
				A0A4995F1EB2877900977541 /* runesTVCC.xib in Resources */,
				A0D97AF91EA792D300273C10 /* friz_quadrata_r.ttf in Resources */,
				A0A4995B1EB2313700977541 /* imageTVCC.xib in Resources */,
				A00280001E9D91BD003175A7 /* LaunchScreen.storyboard in Resources */,
				A0BCAA6A1EB13281008F4D01 /* perfilstatstiersnullTVCC.xib in Resources */,
				A0A499631EB28FBD00977541 /* masteryTVCC.xib in Resources */,
				A0B5F3ED1FC9887C002BA187 /* championsimgTVCC.xib in Resources */,
				A0BCAA6E1EB14785008F4D01 /* perfilstatusV.xib in Resources */,
				A0D97AF81EA792D300273C10 /* friz_quadrata_m.otf in Resources */,
				A01218361EBA641700B45F0F /* root.plist in Resources */,
				A0A499571EB21C1400977541 /* headerTVH.xib in Resources */,
				A0027FFD1E9D91BD003175A7 /* Assets.xcassets in Resources */,
				A056E7721EAE2B92007FDB9F /* matchesdetplayersTVCC.xib in Resources */,
				A0FF0CA91F00009700A0ADFE /* GoogleService-Info.plist in Resources */,
				A0027FFB1E9D91BD003175A7 /* Main.storyboard in Resources */,
				A0BF02FA1EA6422600DB84E9 /* emptytableview.xib in Resources */,
				A056E7831EAE94DD007FDB9F /* matchesdetbansTVCC.xib in Resources */,
				A0B5F3F51FCA03FA002BA187 /* championsskinTVCC.xib in Resources */,
				A0A499501EB2155300977541 /* infoTVCC.xib in Resources */,
			);
			runOnlyForDeploymentPostprocessing = 0;
		};
		A00280041E9D91BD003175A7 /* Resources */ = {
			isa = PBXResourcesBuildPhase;
			buildActionMask = 2147483647;
			files = (
			);
			runOnlyForDeploymentPostprocessing = 0;
		};
		A002800F1E9D91BE003175A7 /* Resources */ = {
			isa = PBXResourcesBuildPhase;
			buildActionMask = 2147483647;
			files = (
			);
			runOnlyForDeploymentPostprocessing = 0;
		};
/* End PBXResourcesBuildPhase section */

/* Begin PBXShellScriptBuildPhase section */
		076DA660898B88A45B080B52 /* [CP] Embed Pods Frameworks */ = {
			isa = PBXShellScriptBuildPhase;
			buildActionMask = 2147483647;
			files = (
			);
			inputPaths = (
			);
			name = "[CP] Embed Pods Frameworks";
			outputPaths = (
			);
			runOnlyForDeploymentPostprocessing = 0;
			shellPath = /bin/sh;
			shellScript = "\"${SRCROOT}/Pods/Target Support Files/Pods-LOL4YOUTests/Pods-LOL4YOUTests-frameworks.sh\"\n";
			showEnvVarsInLog = 0;
		};
		2196B8ECBB5A3C5A732ACC2C /* [CP] Copy Pods Resources */ = {
			isa = PBXShellScriptBuildPhase;
			buildActionMask = 2147483647;
			files = (
			);
			inputPaths = (
			);
			name = "[CP] Copy Pods Resources";
			outputPaths = (
			);
			runOnlyForDeploymentPostprocessing = 0;
			shellPath = /bin/sh;
			shellScript = "\"${SRCROOT}/Pods/Target Support Files/Pods-LOL4YOUTests/Pods-LOL4YOUTests-resources.sh\"\n";
			showEnvVarsInLog = 0;
		};
		5841E859B7487A6E9AAE171E /* [CP] Embed Pods Frameworks */ = {
			isa = PBXShellScriptBuildPhase;
			buildActionMask = 2147483647;
			files = (
			);
			inputPaths = (
			);
			name = "[CP] Embed Pods Frameworks";
			outputPaths = (
			);
			runOnlyForDeploymentPostprocessing = 0;
			shellPath = /bin/sh;
			shellScript = "\"${SRCROOT}/Pods/Target Support Files/Pods-LOL4YOUUITests/Pods-LOL4YOUUITests-frameworks.sh\"\n";
			showEnvVarsInLog = 0;
		};
		66DBA0712CC9291B27B7E544 /* [CP] Embed Pods Frameworks */ = {
			isa = PBXShellScriptBuildPhase;
			buildActionMask = 2147483647;
			files = (
			);
			inputPaths = (
			);
			name = "[CP] Embed Pods Frameworks";
			outputPaths = (
			);
			runOnlyForDeploymentPostprocessing = 0;
			shellPath = /bin/sh;
			shellScript = "\"${SRCROOT}/Pods/Target Support Files/Pods-LOL4YOU/Pods-LOL4YOU-frameworks.sh\"\n";
			showEnvVarsInLog = 0;
		};
		A08635B2714E6D1BB847E580 /* [CP] Check Pods Manifest.lock */ = {
			isa = PBXShellScriptBuildPhase;
			buildActionMask = 2147483647;
			files = (
			);
			inputPaths = (
			);
			name = "[CP] Check Pods Manifest.lock";
			outputPaths = (
			);
			runOnlyForDeploymentPostprocessing = 0;
			shellPath = /bin/sh;
			shellScript = "diff \"${PODS_ROOT}/../Podfile.lock\" \"${PODS_ROOT}/Manifest.lock\" > /dev/null\nif [ $? != 0 ] ; then\n    # print error to STDERR\n    echo \"error: The sandbox is not in sync with the Podfile.lock. Run 'pod install' or update your CocoaPods installation.\" >&2\n    exit 1\nfi\n";
			showEnvVarsInLog = 0;
		};
		A8892486F2DF5726620B4E2A /* [CP] Check Pods Manifest.lock */ = {
			isa = PBXShellScriptBuildPhase;
			buildActionMask = 2147483647;
			files = (
			);
			inputPaths = (
			);
			name = "[CP] Check Pods Manifest.lock";
			outputPaths = (
			);
			runOnlyForDeploymentPostprocessing = 0;
			shellPath = /bin/sh;
			shellScript = "diff \"${PODS_ROOT}/../Podfile.lock\" \"${PODS_ROOT}/Manifest.lock\" > /dev/null\nif [ $? != 0 ] ; then\n    # print error to STDERR\n    echo \"error: The sandbox is not in sync with the Podfile.lock. Run 'pod install' or update your CocoaPods installation.\" >&2\n    exit 1\nfi\n";
			showEnvVarsInLog = 0;
		};
		CD62A63DBDDD7F194C291B16 /* [CP] Copy Pods Resources */ = {
			isa = PBXShellScriptBuildPhase;
			buildActionMask = 2147483647;
			files = (
			);
			inputPaths = (
			);
			name = "[CP] Copy Pods Resources";
			outputPaths = (
			);
			runOnlyForDeploymentPostprocessing = 0;
			shellPath = /bin/sh;
			shellScript = "\"${SRCROOT}/Pods/Target Support Files/Pods-LOL4YOUUITests/Pods-LOL4YOUUITests-resources.sh\"\n";
			showEnvVarsInLog = 0;
		};
		DC67614F34550095C282B5B4 /* [CP] Check Pods Manifest.lock */ = {
			isa = PBXShellScriptBuildPhase;
			buildActionMask = 2147483647;
			files = (
			);
			inputPaths = (
			);
			name = "[CP] Check Pods Manifest.lock";
			outputPaths = (
			);
			runOnlyForDeploymentPostprocessing = 0;
			shellPath = /bin/sh;
			shellScript = "diff \"${PODS_ROOT}/../Podfile.lock\" \"${PODS_ROOT}/Manifest.lock\" > /dev/null\nif [ $? != 0 ] ; then\n    # print error to STDERR\n    echo \"error: The sandbox is not in sync with the Podfile.lock. Run 'pod install' or update your CocoaPods installation.\" >&2\n    exit 1\nfi\n";
			showEnvVarsInLog = 0;
		};
		DE51FAD9C5569008B1E6B6D1 /* [CP] Copy Pods Resources */ = {
			isa = PBXShellScriptBuildPhase;
			buildActionMask = 2147483647;
			files = (
			);
			inputPaths = (
			);
			name = "[CP] Copy Pods Resources";
			outputPaths = (
			);
			runOnlyForDeploymentPostprocessing = 0;
			shellPath = /bin/sh;
			shellScript = "\"${SRCROOT}/Pods/Target Support Files/Pods-LOL4YOU/Pods-LOL4YOU-resources.sh\"\n";
			showEnvVarsInLog = 0;
		};
/* End PBXShellScriptBuildPhase section */

/* Begin PBXSourcesBuildPhase section */
		A0027FEE1E9D91BD003175A7 /* Sources */ = {
			isa = PBXSourcesBuildPhase;
			buildActionMask = 2147483647;
			files = (
				A017A8741EA5456700C325F7 /* perfilCVC.swift in Sources */,
				A056E7711EAE2B92007FDB9F /* matchesdetplayersTVCC.swift in Sources */,
				A0BF02FC1EA643DC00DB84E9 /* emptytableview.swift in Sources */,
				A00280291E9DAE08003175A7 /* statsTVC.swift in Sources */,
				A093D1791F6EC83400DCC466 /* champmasteryVC.swift in Sources */,
				A0B5F3F41FCA03FA002BA187 /* championsskinTVCC.swift in Sources */,
				A0A499551EB21BEA00977541 /* headerTVH.swift in Sources */,
				A0FC3D601F8B05C5005CE127 /* specTVC.swift in Sources */,
				A0A499621EB28FBD00977541 /* masteryTVCC.swift in Sources */,
				A093D17B1F6EC85900DCC466 /* championmasteryCVC.swift in Sources */,
				A002802B1E9DAE27003175A7 /* statsTVCC.swift in Sources */,
				A0B5F3EC1FC9887C002BA187 /* championsimgTVCC.swift in Sources */,
				A0027FF61E9D91BD003175A7 /* AppDelegate.swift in Sources */,
				A0BF03011EA6B21900DB84E9 /* matchesTVCC.swift in Sources */,
				A0E478AF1EB363A600109F56 /* runesTVC.swift in Sources */,
				A0D97AF31EA78FCE00273C10 /* UIColorExtension.swift in Sources */,
				A08B8C1F1F8E65AB0063D155 /* specdetTVC.swift in Sources */,
				A0BCAA691EB13281008F4D01 /* perfilstatstiersnullTVCC.swift in Sources */,
				A0E478B11EB36D9A00109F56 /* runesdetTVC.swift in Sources */,
				A01578571EB8F1C400A30C41 /* masterysdetTVC.swift in Sources */,
				A017A8761EA546B600C325F7 /* perfilVC.swift in Sources */,
				A0FC3D5D1F8B05AE005CE127 /* specTVCC.swift in Sources */,
				A00280241E9D981B003175A7 /* rootclass.swift in Sources */,
				A0BCAA6C1EB14772008F4D01 /* perfilstatusV.swift in Sources */,
				A04A6CCC1EB100E8001D9770 /* perfilstatsTVC.swift in Sources */,
				A0A499531EB21B0A00977541 /* matchesstatsdetTVC.swift in Sources */,
				A0C849401FC8D861009389B2 /* championsTVC.swift in Sources */,
				A06CD86D1E9E5FC000D4362E /* statsdetTVC.swift in Sources */,
				A056E7741EAE3901007FDB9F /* matchesdetTVC.swift in Sources */,
				A01578551EB8F1B100A30C41 /* masterysTVC.swift in Sources */,
				A056E7821EAE94DD007FDB9F /* matchesdetbansTVCC.swift in Sources */,
				A0B5F3EF1FC9D3E2002BA187 /* championsCVC.swift in Sources */,
				A0B5F3F11FC9D445002BA187 /* championsVC.swift in Sources */,
				A01757771F0D8C2000ED9278 /* rootadmob.swift in Sources */,
				A09D99F01EA3D0360054E988 /* searchsummonerTVC.swift in Sources */,
				A0A4995A1EB2313700977541 /* imageTVCC.swift in Sources */,
				A0A4994F1EB2155300977541 /* infoTVCC.swift in Sources */,
				A01BB8F31F7857D400E1A52D /* dateextensions.swift in Sources */,
				A0BF02FF1EA6B20000DB84E9 /* matchesTVC.swift in Sources */,
				A0A4995E1EB2877900977541 /* runesTVCC.swift in Sources */,
				A0B5F3E81FC97CB7002BA187 /* championstableTVCC.swift in Sources */,
			);
			runOnlyForDeploymentPostprocessing = 0;
		};
		A00280021E9D91BD003175A7 /* Sources */ = {
			isa = PBXSourcesBuildPhase;
			buildActionMask = 2147483647;
			files = (
				A002800B1E9D91BE003175A7 /* LOL4YOUTests.swift in Sources */,
			);
			runOnlyForDeploymentPostprocessing = 0;
		};
		A002800D1E9D91BE003175A7 /* Sources */ = {
			isa = PBXSourcesBuildPhase;
			buildActionMask = 2147483647;
			files = (
				A00280161E9D91BE003175A7 /* LOL4YOUUITests.swift in Sources */,
			);
			runOnlyForDeploymentPostprocessing = 0;
		};
/* End PBXSourcesBuildPhase section */

/* Begin PBXTargetDependency section */
		A00280081E9D91BD003175A7 /* PBXTargetDependency */ = {
			isa = PBXTargetDependency;
			target = A0027FF11E9D91BD003175A7 /* LOL4YOU */;
			targetProxy = A00280071E9D91BD003175A7 /* PBXContainerItemProxy */;
		};
		A00280131E9D91BE003175A7 /* PBXTargetDependency */ = {
			isa = PBXTargetDependency;
			target = A0027FF11E9D91BD003175A7 /* LOL4YOU */;
			targetProxy = A00280121E9D91BE003175A7 /* PBXContainerItemProxy */;
		};
/* End PBXTargetDependency section */

/* Begin PBXVariantGroup section */
		A0027FF91E9D91BD003175A7 /* Main.storyboard */ = {
			isa = PBXVariantGroup;
			children = (
				A0027FFA1E9D91BD003175A7 /* Base */,
			);
			name = Main.storyboard;
			sourceTree = "<group>";
		};
		A0027FFE1E9D91BD003175A7 /* LaunchScreen.storyboard */ = {
			isa = PBXVariantGroup;
			children = (
				A0027FFF1E9D91BD003175A7 /* Base */,
			);
			name = LaunchScreen.storyboard;
			sourceTree = "<group>";
		};
/* End PBXVariantGroup section */

/* Begin XCBuildConfiguration section */
		A00280181E9D91BE003175A7 /* Debug */ = {
			isa = XCBuildConfiguration;
			buildSettings = {
				ALWAYS_SEARCH_USER_PATHS = NO;
				CLANG_ANALYZER_NONNULL = YES;
				CLANG_CXX_LANGUAGE_STANDARD = "gnu++0x";
				CLANG_CXX_LIBRARY = "libc++";
				CLANG_ENABLE_MODULES = YES;
				CLANG_ENABLE_OBJC_ARC = YES;
				CLANG_WARN_BOOL_CONVERSION = YES;
				CLANG_WARN_CONSTANT_CONVERSION = YES;
				CLANG_WARN_DIRECT_OBJC_ISA_USAGE = YES_ERROR;
				CLANG_WARN_DOCUMENTATION_COMMENTS = YES;
				CLANG_WARN_EMPTY_BODY = YES;
				CLANG_WARN_ENUM_CONVERSION = YES;
				CLANG_WARN_INFINITE_RECURSION = YES;
				CLANG_WARN_INT_CONVERSION = YES;
				CLANG_WARN_OBJC_ROOT_CLASS = YES_ERROR;
				CLANG_WARN_SUSPICIOUS_MOVES = YES;
				CLANG_WARN_UNREACHABLE_CODE = YES;
				CLANG_WARN__DUPLICATE_METHOD_MATCH = YES;
				"CODE_SIGN_IDENTITY[sdk=iphoneos*]" = "iPhone Developer";
				COPY_PHASE_STRIP = NO;
				DEBUG_INFORMATION_FORMAT = dwarf;
				DEVELOPMENT_TEAM = Z4U29JK2HG;
				ENABLE_BITCODE = NO;
				ENABLE_STRICT_OBJC_MSGSEND = YES;
				ENABLE_TESTABILITY = YES;
				GCC_C_LANGUAGE_STANDARD = gnu99;
				GCC_DYNAMIC_NO_PIC = NO;
				GCC_NO_COMMON_BLOCKS = YES;
				GCC_OPTIMIZATION_LEVEL = 0;
				GCC_PREPROCESSOR_DEFINITIONS = (
					"DEBUG=1",
					"$(inherited)",
				);
				GCC_WARN_64_TO_32_BIT_CONVERSION = YES;
				GCC_WARN_ABOUT_RETURN_TYPE = YES_ERROR;
				GCC_WARN_UNDECLARED_SELECTOR = YES;
				GCC_WARN_UNINITIALIZED_AUTOS = YES_AGGRESSIVE;
				GCC_WARN_UNUSED_FUNCTION = YES;
				GCC_WARN_UNUSED_VARIABLE = YES;
				IPHONEOS_DEPLOYMENT_TARGET = 10.0;
				MTL_ENABLE_DEBUG_INFO = YES;
				ONLY_ACTIVE_ARCH = YES;
				SDKROOT = iphoneos;
				SWIFT_ACTIVE_COMPILATION_CONDITIONS = DEBUG;
				SWIFT_OPTIMIZATION_LEVEL = "-Onone";
			};
			name = Debug;
		};
		A00280191E9D91BE003175A7 /* Release */ = {
			isa = XCBuildConfiguration;
			buildSettings = {
				ALWAYS_SEARCH_USER_PATHS = NO;
				CLANG_ANALYZER_NONNULL = YES;
				CLANG_CXX_LANGUAGE_STANDARD = "gnu++0x";
				CLANG_CXX_LIBRARY = "libc++";
				CLANG_ENABLE_MODULES = YES;
				CLANG_ENABLE_OBJC_ARC = YES;
				CLANG_WARN_BOOL_CONVERSION = YES;
				CLANG_WARN_CONSTANT_CONVERSION = YES;
				CLANG_WARN_DIRECT_OBJC_ISA_USAGE = YES_ERROR;
				CLANG_WARN_DOCUMENTATION_COMMENTS = YES;
				CLANG_WARN_EMPTY_BODY = YES;
				CLANG_WARN_ENUM_CONVERSION = YES;
				CLANG_WARN_INFINITE_RECURSION = YES;
				CLANG_WARN_INT_CONVERSION = YES;
				CLANG_WARN_OBJC_ROOT_CLASS = YES_ERROR;
				CLANG_WARN_SUSPICIOUS_MOVES = YES;
				CLANG_WARN_UNREACHABLE_CODE = YES;
				CLANG_WARN__DUPLICATE_METHOD_MATCH = YES;
				"CODE_SIGN_IDENTITY[sdk=iphoneos*]" = "iPhone Developer";
				COPY_PHASE_STRIP = NO;
				DEBUG_INFORMATION_FORMAT = "dwarf-with-dsym";
				DEVELOPMENT_TEAM = Z4U29JK2HG;
				ENABLE_BITCODE = NO;
				ENABLE_NS_ASSERTIONS = NO;
				ENABLE_STRICT_OBJC_MSGSEND = YES;
				GCC_C_LANGUAGE_STANDARD = gnu99;
				GCC_NO_COMMON_BLOCKS = YES;
				GCC_WARN_64_TO_32_BIT_CONVERSION = YES;
				GCC_WARN_ABOUT_RETURN_TYPE = YES_ERROR;
				GCC_WARN_UNDECLARED_SELECTOR = YES;
				GCC_WARN_UNINITIALIZED_AUTOS = YES_AGGRESSIVE;
				GCC_WARN_UNUSED_FUNCTION = YES;
				GCC_WARN_UNUSED_VARIABLE = YES;
				IPHONEOS_DEPLOYMENT_TARGET = 10.0;
				MTL_ENABLE_DEBUG_INFO = NO;
				SDKROOT = iphoneos;
				SWIFT_OPTIMIZATION_LEVEL = "-Owholemodule";
				VALIDATE_PRODUCT = YES;
			};
			name = Release;
		};
		A002801B1E9D91BE003175A7 /* Debug */ = {
			isa = XCBuildConfiguration;
			baseConfigurationReference = AC8C668551E0C102D198AF48 /* Pods-LOL4YOU.debug.xcconfig */;
			buildSettings = {
				ASSETCATALOG_COMPILER_APPICON_NAME = "app-lol4you";
				CODE_SIGN_ENTITLEMENTS = LOL4YOU/LOL4YOU.entitlements;
				DEVELOPMENT_TEAM = Z4U29JK2HG;
				ENABLE_BITCODE = NO;
				INFOPLIST_FILE = LOL4YOU/Info.plist;
				LD_RUNPATH_SEARCH_PATHS = "$(inherited) @executable_path/Frameworks";
				PRODUCT_BUNDLE_IDENTIFIER = root.LOL4YOU;
				PRODUCT_NAME = "$(TARGET_NAME)";
				SWIFT_VERSION = 3.0;
			};
			name = Debug;
		};
		A002801C1E9D91BE003175A7 /* Release */ = {
			isa = XCBuildConfiguration;
			baseConfigurationReference = 4D8C7653D0AE1D6DD09A232E /* Pods-LOL4YOU.release.xcconfig */;
			buildSettings = {
				ASSETCATALOG_COMPILER_APPICON_NAME = "app-lol4you";
				CODE_SIGN_ENTITLEMENTS = LOL4YOU/LOL4YOU.entitlements;
				DEVELOPMENT_TEAM = Z4U29JK2HG;
				ENABLE_BITCODE = NO;
				INFOPLIST_FILE = LOL4YOU/Info.plist;
				LD_RUNPATH_SEARCH_PATHS = "$(inherited) @executable_path/Frameworks";
				PRODUCT_BUNDLE_IDENTIFIER = root.LOL4YOU;
				PRODUCT_NAME = "$(TARGET_NAME)";
				SWIFT_VERSION = 3.0;
			};
			name = Release;
		};
		A002801E1E9D91BE003175A7 /* Debug */ = {
			isa = XCBuildConfiguration;
			baseConfigurationReference = F9E5C8E6FC02AA52AEB93D22 /* Pods-LOL4YOUTests.debug.xcconfig */;
			buildSettings = {
				ALWAYS_EMBED_SWIFT_STANDARD_LIBRARIES = YES;
				BUNDLE_LOADER = "$(TEST_HOST)";
				INFOPLIST_FILE = LOL4YOUTests/Info.plist;
				LD_RUNPATH_SEARCH_PATHS = "$(inherited) @executable_path/Frameworks @loader_path/Frameworks";
				PRODUCT_BUNDLE_IDENTIFIER = root.LOL4YOUTests;
				PRODUCT_NAME = "$(TARGET_NAME)";
				SWIFT_VERSION = 3.0;
				TEST_HOST = "$(BUILT_PRODUCTS_DIR)/LOL4YOU.app/LOL4YOU";
			};
			name = Debug;
		};
		A002801F1E9D91BE003175A7 /* Release */ = {
			isa = XCBuildConfiguration;
			baseConfigurationReference = 7007F806A0F288D12F452558 /* Pods-LOL4YOUTests.release.xcconfig */;
			buildSettings = {
				ALWAYS_EMBED_SWIFT_STANDARD_LIBRARIES = YES;
				BUNDLE_LOADER = "$(TEST_HOST)";
				INFOPLIST_FILE = LOL4YOUTests/Info.plist;
				LD_RUNPATH_SEARCH_PATHS = "$(inherited) @executable_path/Frameworks @loader_path/Frameworks";
				PRODUCT_BUNDLE_IDENTIFIER = root.LOL4YOUTests;
				PRODUCT_NAME = "$(TARGET_NAME)";
				SWIFT_VERSION = 3.0;
				TEST_HOST = "$(BUILT_PRODUCTS_DIR)/LOL4YOU.app/LOL4YOU";
			};
			name = Release;
		};
		A00280211E9D91BE003175A7 /* Debug */ = {
			isa = XCBuildConfiguration;
			baseConfigurationReference = E6BC6E124B7C5F434839A596 /* Pods-LOL4YOUUITests.debug.xcconfig */;
			buildSettings = {
				ALWAYS_EMBED_SWIFT_STANDARD_LIBRARIES = YES;
				INFOPLIST_FILE = LOL4YOUUITests/Info.plist;
				LD_RUNPATH_SEARCH_PATHS = "$(inherited) @executable_path/Frameworks @loader_path/Frameworks";
				PRODUCT_BUNDLE_IDENTIFIER = root.LOL4YOUUITests;
				PRODUCT_NAME = "$(TARGET_NAME)";
				SWIFT_VERSION = 3.0;
				TEST_TARGET_NAME = LOL4YOU;
			};
			name = Debug;
		};
		A00280221E9D91BE003175A7 /* Release */ = {
			isa = XCBuildConfiguration;
			baseConfigurationReference = A6BFB153ADEC2999EECF69C7 /* Pods-LOL4YOUUITests.release.xcconfig */;
			buildSettings = {
				ALWAYS_EMBED_SWIFT_STANDARD_LIBRARIES = YES;
				INFOPLIST_FILE = LOL4YOUUITests/Info.plist;
				LD_RUNPATH_SEARCH_PATHS = "$(inherited) @executable_path/Frameworks @loader_path/Frameworks";
				PRODUCT_BUNDLE_IDENTIFIER = root.LOL4YOUUITests;
				PRODUCT_NAME = "$(TARGET_NAME)";
				SWIFT_VERSION = 3.0;
				TEST_TARGET_NAME = LOL4YOU;
			};
			name = Release;
		};
/* End XCBuildConfiguration section */

/* Begin XCConfigurationList section */
		A0027FED1E9D91BD003175A7 /* Build configuration list for PBXProject "LOL4YOU" */ = {
			isa = XCConfigurationList;
			buildConfigurations = (
				A00280181E9D91BE003175A7 /* Debug */,
				A00280191E9D91BE003175A7 /* Release */,
			);
			defaultConfigurationIsVisible = 0;
			defaultConfigurationName = Release;
		};
		A002801A1E9D91BE003175A7 /* Build configuration list for PBXNativeTarget "LOL4YOU" */ = {
			isa = XCConfigurationList;
			buildConfigurations = (
				A002801B1E9D91BE003175A7 /* Debug */,
				A002801C1E9D91BE003175A7 /* Release */,
			);
			defaultConfigurationIsVisible = 0;
			defaultConfigurationName = Release;
		};
		A002801D1E9D91BE003175A7 /* Build configuration list for PBXNativeTarget "LOL4YOUTests" */ = {
			isa = XCConfigurationList;
			buildConfigurations = (
				A002801E1E9D91BE003175A7 /* Debug */,
				A002801F1E9D91BE003175A7 /* Release */,
			);
			defaultConfigurationIsVisible = 0;
			defaultConfigurationName = Release;
		};
		A00280201E9D91BE003175A7 /* Build configuration list for PBXNativeTarget "LOL4YOUUITests" */ = {
			isa = XCConfigurationList;
			buildConfigurations = (
				A00280211E9D91BE003175A7 /* Debug */,
				A00280221E9D91BE003175A7 /* Release */,
			);
			defaultConfigurationIsVisible = 0;
			defaultConfigurationName = Release;
		};
/* End XCConfigurationList section */
	};
	rootObject = A0027FEA1E9D91BD003175A7 /* Project object */;
}
